
Microsoft Visual Studio Solution File, Format Version 12.00
# Visual Studio Version 17
VisualStudioVersion = 17.5.33627.172
MinimumVisualStudioVersion = 10.0.40219.1
Project("{9A19103F-16F7-4668-BE54-9A1E7A4F7556}") = "ApiRestFull", "ApiRestFull\ApiRestFull.csproj", "{A7957200-3065-47FD-AFD9-2283CED60881}"
EndProject
Project("{9A19103F-16F7-4668-BE54-9A1E7A4F7556}") = "Contracts", "Contracts\Contracts.csproj", "{F20D99AE-0AC4-49F0-8714-ED33E642BF96}"
EndProject
Project("{9A19103F-16F7-4668-BE54-9A1E7A4F7556}") = "LoggerService", "LoggerService\LoggerService.csproj", "{A949F0F2-B070-434C-A94E-7D104EBBF7DC}"
EndProject
Project("{9A19103F-16F7-4668-BE54-9A1E7A4F7556}") = "Entities", "Entities\Entities.csproj", "{9FE43AFB-052A-4A9A-8BC4-B75A42CFF991}"
EndProject
Project("{9A19103F-16F7-4668-BE54-9A1E7A4F7556}") = "Repository", "Repository\Repository.csproj", "{3472100F-E18C-4874-8DDD-0605C8A35DE7}"
EndProject
Project("{FAE04EC0-301F-11D3-BF4B-00C04F79EFBC}") = "ServiceContracts", "Service.Contracts\ServiceContracts.csproj", "{762C32E2-B033-470D-A740-388DC9D85DF3}"
EndProject
Project("{FAE04EC0-301F-11D3-BF4B-00C04F79EFBC}") = "Service", "Service\Service.csproj", "{37E148CD-A4F0-40C6-88F6-9CF002CD3A6E}"
EndProject
Project("{FAE04EC0-301F-11D3-BF4B-00C04F79EFBC}") = "CompanyEmployees.Presentation", "CompanyEmployees.Presentation\CompanyEmployees.Presentation.csproj", "{93ABD45A-3C25-45E1-A3F1-ADA5011E07A1}"
EndProject
Project("{FAE04EC0-301F-11D3-BF4B-00C04F79EFBC}") = "Shared", "Shared\Shared.csproj", "{3FA2211F-6065-4BCF-85B3-03E007B58534}"
EndProject
Global
	GlobalSection(SolutionConfigurationPlatforms) = preSolution
		Debug|Any CPU = Debug|Any CPU
		Release|Any CPU = Release|Any CPU
	EndGlobalSection
	GlobalSection(ProjectConfigurationPlatforms) = postSolution
		{A7957200-3065-47FD-AFD9-2283CED60881}.Debug|Any CPU.ActiveCfg = Debug|Any CPU
		{A7957200-3065-47FD-AFD9-2283CED60881}.Debug|Any CPU.Build.0 = Debug|Any CPU
		{A7957200-3065-47FD-AFD9-2283CED60881}.Release|Any CPU.ActiveCfg = Release|Any CPU
		{A7957200-3065-47FD-AFD9-2283CED60881}.Release|Any CPU.Build.0 = Release|Any CPU
		{F20D99AE-0AC4-49F0-8714-ED33E642BF96}.Debug|Any CPU.ActiveCfg = Debug|Any CPU
		{F20D99AE-0AC4-49F0-8714-ED33E642BF96}.Debug|Any CPU.Build.0 = Debug|Any CPU
		{F20D99AE-0AC4-49F0-8714-ED33E642BF96}.Release|Any CPU.ActiveCfg = Release|Any CPU
		{F20D99AE-0AC4-49F0-8714-ED33E642BF96}.Release|Any CPU.Build.0 = Release|Any CPU
		{A949F0F2-B070-434C-A94E-7D104EBBF7DC}.Debug|Any CPU.ActiveCfg = Debug|Any CPU
		{A949F0F2-B070-434C-A94E-7D104EBBF7DC}.Debug|Any CPU.Build.0 = Debug|Any CPU
		{A949F0F2-B070-434C-A94E-7D104EBBF7DC}.Release|Any CPU.ActiveCfg = Release|Any CPU
		{A949F0F2-B070-434C-A94E-7D104EBBF7DC}.Release|Any CPU.Build.0 = Release|Any CPU
		{9FE43AFB-052A-4A9A-8BC4-B75A42CFF991}.Debug|Any CPU.ActiveCfg = Debug|Any CPU
		{9FE43AFB-052A-4A9A-8BC4-B75A42CFF991}.Debug|Any CPU.Build.0 = Debug|Any CPU
		{9FE43AFB-052A-4A9A-8BC4-B75A42CFF991}.Release|Any CPU.ActiveCfg = Release|Any CPU
		{9FE43AFB-052A-4A9A-8BC4-B75A42CFF991}.Release|Any CPU.Build.0 = Release|Any CPU
		{3472100F-E18C-4874-8DDD-0605C8A35DE7}.Debug|Any CPU.ActiveCfg = Debug|Any CPU
		{3472100F-E18C-4874-8DDD-0605C8A35DE7}.Debug|Any CPU.Build.0 = Debug|Any CPU
		{3472100F-E18C-4874-8DDD-0605C8A35DE7}.Release|Any CPU.ActiveCfg = Release|Any CPU
		{3472100F-E18C-4874-8DDD-0605C8A35DE7}.Release|Any CPU.Build.0 = Release|Any CPU
		{762C32E2-B033-470D-A740-388DC9D85DF3}.Debug|Any CPU.ActiveCfg = Debug|Any CPU
		{762C32E2-B033-470D-A740-388DC9D85DF3}.Debug|Any CPU.Build.0 = Debug|Any CPU
		{762C32E2-B033-470D-A740-388DC9D85DF3}.Release|Any CPU.ActiveCfg = Release|Any CPU
		{762C32E2-B033-470D-A740-388DC9D85DF3}.Release|Any CPU.Build.0 = Release|Any CPU
		{37E148CD-A4F0-40C6-88F6-9CF002CD3A6E}.Debug|Any CPU.ActiveCfg = Debug|Any CPU
		{37E148CD-A4F0-40C6-88F6-9CF002CD3A6E}.Debug|Any CPU.Build.0 = Debug|Any CPU
		{37E148CD-A4F0-40C6-88F6-9CF002CD3A6E}.Release|Any CPU.ActiveCfg = Release|Any CPU
		{37E148CD-A4F0-40C6-88F6-9CF002CD3A6E}.Release|Any CPU.Build.0 = Release|Any CPU
		{93ABD45A-3C25-45E1-A3F1-ADA5011E07A1}.Debug|Any CPU.ActiveCfg = Debug|Any CPU
		{93ABD45A-3C25-45E1-A3F1-ADA5011E07A1}.Debug|Any CPU.Build.0 = Debug|Any CPU
		{93ABD45A-3C25-45E1-A3F1-ADA5011E07A1}.Release|Any CPU.ActiveCfg = Release|Any CPU
		{93ABD45A-3C25-45E1-A3F1-ADA5011E07A1}.Release|Any CPU.Build.0 = Release|Any CPU
		{3FA2211F-6065-4BCF-85B3-03E007B58534}.Debug|Any CPU.ActiveCfg = Debug|Any CPU
		{3FA2211F-6065-4BCF-85B3-03E007B58534}.Debug|Any CPU.Build.0 = Debug|Any CPU
		{3FA2211F-6065-4BCF-85B3-03E007B58534}.Release|Any CPU.ActiveCfg = Release|Any CPU
		{3FA2211F-6065-4BCF-85B3-03E007B58534}.Release|Any CPU.Build.0 = Release|Any CPU
	EndGlobalSection
	GlobalSection(SolutionProperties) = preSolution
		HideSolutionNode = FALSE
	EndGlobalSection
	GlobalSection(ExtensibilityGlobals) = postSolution
		SolutionGuid = {9E9106FE-6997-44F9-9227-90CDEA740AE8}
	EndGlobalSection
EndGlobal
